
Microsoft Visual Studio Solution File, Format Version 12.00
# Visual Studio Version 17
VisualStudioVersion = 17.4.33110.190
MinimumVisualStudioVersion = 10.0.40219.1
Project("{FAE04EC0-301F-11D3-BF4B-00C04F79EFBC}") = "BattleShip", "BattleShip.csproj", "{55B49504-DDBC-4F35-8A6A-F3E388898ED6}"
EndProject
Global
	GlobalSection(SolutionConfigurationPlatforms) = preSolution
		Debug|Any CPU = Debug|Any CPU
		Release|Any CPU = Release|Any CPU
	EndGlobalSection
	GlobalSection(ProjectConfigurationPlatforms) = postSolution
		{55B49504-DDBC-4F35-8A6A-F3E388898ED6}.Debug|Any CPU.ActiveCfg = Debug|Any CPU
		{55B49504-DDBC-4F35-8A6A-F3E388898ED6}.Debug|Any CPU.Build.0 = Debug|Any CPU
		{55B49504-DDBC-4F35-8A6A-F3E388898ED6}.Release|Any CPU.ActiveCfg = Release|Any CPU
		{55B49504-DDBC-4F35-8A6A-F3E388898ED6}.Release|Any CPU.Build.0 = Release|Any CPU
	EndGlobalSection
	GlobalSection(SolutionProperties) = preSolution
		HideSolutionNode = FALSE
	EndGlobalSection
	GlobalSection(ExtensibilityGlobals) = postSolution
		SolutionGuid = {0693EC76-9F99-410E-BD9C-25E60EF796D5}
	EndGlobalSection
EndGlobal
